# ray.lock — locked versions and hashes of the dependencies (generated by 'ray').
# Committed to the repository. Do not edit by hand.

[db]
url = "https://github.com/ray-language/db"
ref = "v0.1.1"
commit = "b94bcd5bd716c8d39ef007ac22ad59dd53c6e351"
hash = "sha256:430f13ed31116f9c5d3000f179bb762c792109802e1831d9ab6ad0292b082f6f"

[net]
url = "https://github.com/ray-language/net"
ref = "v0.3.7"
commit = "12322b84081c3c47b92ca40a8f50bf97d84cf2e1"
hash = "sha256:2e153df8f3b905a1d67d98a9d00377da81e0ad4b914ead7b21ff9728f7801958"
